
Microsoft Visual Studio Solution File, Format Version 12.00
# Visual Studio Version 16
VisualStudioVersion = 16.0.30330.147
MinimumVisualStudioVersion = 10.0.40219.1
Project("{FAE04EC0-301F-11D3-BF4B-00C04F79EFBC}") = "FlashScore", "FlashScoreAPI\FlashScore.csproj", "{19A7FCF1-7892-41AE-BB1F-A73ED23DFAC9}"
EndProject
Project("{FAE04EC0-301F-11D3-BF4B-00C04F79EFBC}") = "FlashScoreApiTest1", "FlashScoreApiTest1\FlashScoreApiTest1.csproj", "{02D632EA-946B-4326-9203-4B2A8B8926C2}"
EndProject
Project("{FAE04EC0-301F-11D3-BF4B-00C04F79EFBC}") = "Tennis FlashScore", "Tennis FlashScore\Tennis FlashScore.csproj", "{A97C9326-72E8-4FD8-B0BB-146416BAA131}"
EndProject
Global
	GlobalSection(SolutionConfigurationPlatforms) = preSolution
		Debug|Any CPU = Debug|Any CPU
		Release|Any CPU = Release|Any CPU
	EndGlobalSection
	GlobalSection(ProjectConfigurationPlatforms) = postSolution
		{19A7FCF1-7892-41AE-BB1F-A73ED23DFAC9}.Debug|Any CPU.ActiveCfg = Debug|Any CPU
		{19A7FCF1-7892-41AE-BB1F-A73ED23DFAC9}.Debug|Any CPU.Build.0 = Debug|Any CPU
		{19A7FCF1-7892-41AE-BB1F-A73ED23DFAC9}.Release|Any CPU.ActiveCfg = Release|Any CPU
		{19A7FCF1-7892-41AE-BB1F-A73ED23DFAC9}.Release|Any CPU.Build.0 = Release|Any CPU
		{02D632EA-946B-4326-9203-4B2A8B8926C2}.Debug|Any CPU.ActiveCfg = Debug|Any CPU
		{02D632EA-946B-4326-9203-4B2A8B8926C2}.Debug|Any CPU.Build.0 = Debug|Any CPU
		{02D632EA-946B-4326-9203-4B2A8B8926C2}.Release|Any CPU.ActiveCfg = Release|Any CPU
		{02D632EA-946B-4326-9203-4B2A8B8926C2}.Release|Any CPU.Build.0 = Release|Any CPU
		{A97C9326-72E8-4FD8-B0BB-146416BAA131}.Debug|Any CPU.ActiveCfg = Debug|Any CPU
		{A97C9326-72E8-4FD8-B0BB-146416BAA131}.Debug|Any CPU.Build.0 = Debug|Any CPU
		{A97C9326-72E8-4FD8-B0BB-146416BAA131}.Release|Any CPU.ActiveCfg = Release|Any CPU
		{A97C9326-72E8-4FD8-B0BB-146416BAA131}.Release|Any CPU.Build.0 = Release|Any CPU
	EndGlobalSection
	GlobalSection(SolutionProperties) = preSolution
		HideSolutionNode = FALSE
	EndGlobalSection
	GlobalSection(ExtensibilityGlobals) = postSolution
		SolutionGuid = {0B9636DE-9223-4333-84CE-51D9E25236F3}
	EndGlobalSection
EndGlobal
